
Microsoft Visual Studio Solution File, Format Version 12.00
# Visual Studio Version 17
VisualStudioVersion = 17.0.31903.59
MinimumVisualStudioVersion = 10.0.40219.1
Project("{FAE04EC0-301F-11D3-BF4B-00C04F79EFBC}") = "tuneIQ.Web", "src\tuneIQ.Web\tuneIQ.Web.csproj", "{A638A6CE-AA85-4D66-A181-B37132F81491}"
EndProject
Project("{FAE04EC0-301F-11D3-BF4B-00C04F79EFBC}") = "tuneIQ.Core", "src\tuneIQ.Core\tuneIQ.Core.csproj", "{AEFF3D31-0F04-415B-8D05-8CCA02FCE4F4}"
EndProject
Project("{FAE04EC0-301F-11D3-BF4B-00C04F79EFBC}") = "tuneIQ.Data", "src\tuneIQ.Data\tuneIQ.Data.csproj", "{5DC39C8E-87A9-4449-B9E2-2D4E8FC13C85}"
EndProject
Project("{FAE04EC0-301F-11D3-BF4B-00C04F79EFBC}") = "tuneIQ.Services", "src\tuneIQ.Services\tuneIQ.Services.csproj", "{FA2A9A04-2EC0-4F72-B1B1-F711388EE7E1}"
EndProject
Global
	GlobalSection(SolutionConfigurationPlatforms) = preSolution
		Debug|Any CPU = Debug|Any CPU
		Release|Any CPU = Release|Any CPU
	EndGlobalSection
	GlobalSection(SolutionProperties) = preSolution
		HideSolutionNode = FALSE
	EndGlobalSection
	GlobalSection(ProjectConfigurationPlatforms) = postSolution
		{A638A6CE-AA85-4D66-A181-B37132F81491}.Debug|Any CPU.ActiveCfg = Debug|Any CPU
		{A638A6CE-AA85-4D66-A181-B37132F81491}.Debug|Any CPU.Build.0 = Debug|Any CPU
		{A638A6CE-AA85-4D66-A181-B37132F81491}.Release|Any CPU.ActiveCfg = Release|Any CPU
		{A638A6CE-AA85-4D66-A181-B37132F81491}.Release|Any CPU.Build.0 = Release|Any CPU
		{AEFF3D31-0F04-415B-8D05-8CCA02FCE4F4}.Debug|Any CPU.ActiveCfg = Debug|Any CPU
		{AEFF3D31-0F04-415B-8D05-8CCA02FCE4F4}.Debug|Any CPU.Build.0 = Debug|Any CPU
		{AEFF3D31-0F04-415B-8D05-8CCA02FCE4F4}.Release|Any CPU.ActiveCfg = Release|Any CPU
		{AEFF3D31-0F04-415B-8D05-8CCA02FCE4F4}.Release|Any CPU.Build.0 = Release|Any CPU
		{5DC39C8E-87A9-4449-B9E2-2D4E8FC13C85}.Debug|Any CPU.ActiveCfg = Debug|Any CPU
		{5DC39C8E-87A9-4449-B9E2-2D4E8FC13C85}.Debug|Any CPU.Build.0 = Debug|Any CPU
		{5DC39C8E-87A9-4449-B9E2-2D4E8FC13C85}.Release|Any CPU.ActiveCfg = Release|Any CPU
		{5DC39C8E-87A9-4449-B9E2-2D4E8FC13C85}.Release|Any CPU.Build.0 = Release|Any CPU
		{FA2A9A04-2EC0-4F72-B1B1-F711388EE7E1}.Debug|Any CPU.ActiveCfg = Debug|Any CPU
		{FA2A9A04-2EC0-4F72-B1B1-F711388EE7E1}.Debug|Any CPU.Build.0 = Debug|Any CPU
		{FA2A9A04-2EC0-4F72-B1B1-F711388EE7E1}.Release|Any CPU.ActiveCfg = Release|Any CPU
		{FA2A9A04-2EC0-4F72-B1B1-F711388EE7E1}.Release|Any CPU.Build.0 = Release|Any CPU
	EndGlobalSection
EndGlobal
